{
    "_readme": [
        "This file locks the dependencies of your project to a known state",
        "Read more about it at http://getcomposer.org/doc/01-basic-usage.md#composer-lock-the-lock-file"
    ],
    "hash": "4640dd80bf83164466ada55f4828cd1d",
    "packages": [
        {
            "name": "flint/flint",
            "version": "1.6.0",
            "source": {
                "type": "git",
                "url": "https://github.com/flint/flint.git",
                "reference": "bf8896ac62973cd82c1a510d0ee33a76d12f072e"
            },
            "dist": {
                "type": "zip",
                "url": "https://api.github.com/repos/flint/flint/zipball/bf8896ac62973cd82c1a510d0ee33a76d12f072e",
                "reference": "bf8896ac62973cd82c1a510d0ee33a76d12f072e",
                "shasum": ""
            },
            "require": {
                "flint/tacker": "~0.3",
                "php": ">=5.3.3",
                "silex/silex": "~1.1",
                "twig/twig": "~1.10"
            },
            "require-dev": {
                "symfony/console": "~2.2",
                "symfony/yaml": "~2.2"
            },
            "type": "library",
            "extra": {
                "branch-alias": {
                    "dev-master": "1.6.x-dev"
                }
            },
            "autoload": {
                "psr-0": {
                    "Flint": "src"
                }
            },
            "notification-url": "https://packagist.org/downloads/",
            "license": [
                "MIT"
            ],
            "authors": [
                {
                    "name": "Henrik Bjornskov",
                    "email": "henrik@bjrnskov.dk",
                    "homepage": "http://henrik.bjrnskov.dk"
                }
            ],
            "description": "Enhanced Silex",
            "time": "2013-11-26 12:34:35"
        },
        {
            "name": "flint/tacker",
            "version": "0.4.1",
            "source": {
                "type": "git",
                "url": "https://github.com/flint/tacker.git",
                "reference": "9b3467393640661cecfd5c149d9d5ded7035f5e7"
            },
            "dist": {
                "type": "zip",
                "url": "https://api.github.com/repos/flint/tacker/zipball/9b3467393640661cecfd5c149d9d5ded7035f5e7",
                "reference": "9b3467393640661cecfd5c149d9d5ded7035f5e7",
                "shasum": ""
            },
            "require": {
                "php": ">=5.3.3",
                "symfony/config": "~2.3"
            },
            "require-dev": {
                "phpspec/phpspec": "2.0.0-BETA4",
                "pimple/pimple": "~1.0",
                "symfony/yaml": "~2.3"
            },
            "type": "library",
            "extra": {
                "branch-alias": {
                    "dev-master": "1.0.x-dev"
                }
            },
            "autoload": {
                "psr-0": {
                    "Tacker\\": "src"
                },
                "files": [
                    "src/Tacker/functions.php"
                ]
            },
            "notification-url": "https://packagist.org/downloads/",
            "license": [
                "MIT"
            ],
            "description": "Easy configuration based on Symfony Config",
            "time": "2013-12-06 10:19:08"
        },
        {
            "name": "imanee/imanee",
            "version": "dev-master",
            "source": {
                "type": "git",
                "url": "https://github.com/imanee/imanee.git",
                "reference": "634ee50e72ad715ab145d977560175970a8555c6"
            },
            "dist": {
                "type": "zip",
                "url": "https://api.github.com/repos/imanee/imanee/zipball/634ee50e72ad715ab145d977560175970a8555c6",
                "reference": "634ee50e72ad715ab145d977560175970a8555c6",
                "shasum": ""
            },
            "require": {
                "ext-imagick": "*",
                "php": ">=5.4.0"
            },
            "require-dev": {
                "phpunit/phpunit": "3.7.*"
            },
            "type": "library",
            "autoload": {
                "psr-0": {
                    "Imanee": "src/"
                }
            },
            "notification-url": "https://packagist.org/downloads/",
            "license": [
                "MIT"
            ],
            "authors": [
                {
                    "name": "Erika Heidi",
                    "email": "erika@erikaheidi.com"
                },
                {
                    "name": "Hugo Reinaldo",
                    "email": "hugo.reinaldo@gmail.com"
                }
            ],
            "description": "A PHP Image Manipulation Library based on Imagemagick",
            "homepage": "http://imanee.github.com/imanee",
            "keywords": [
                "ImageMagick",
                "image",
                "imagick",
                "manipulation",
                "php"
            ],
            "time": "2014-01-02 10:38:26"
        },
        {
            "name": "pimple/pimple",
            "version": "v1.1.0",
            "source": {
                "type": "git",
                "url": "https://github.com/fabpot/Pimple.git",
                "reference": "471c7d7c52ad6594e17b8ec33efdd1be592b5d83"
            },
            "dist": {
                "type": "zip",
                "url": "https://api.github.com/repos/fabpot/Pimple/zipball/471c7d7c52ad6594e17b8ec33efdd1be592b5d83",
                "reference": "471c7d7c52ad6594e17b8ec33efdd1be592b5d83",
                "shasum": ""
            },
            "require": {
                "php": ">=5.3.0"
            },
            "type": "library",
            "extra": {
                "branch-alias": {
                    "dev-master": "1.1.x-dev"
                }
            },
            "autoload": {
                "psr-0": {
                    "Pimple": "lib/"
                }
            },
            "notification-url": "https://packagist.org/downloads/",
            "license": [
                "MIT"
            ],
            "authors": [
                {
                    "name": "Fabien Potencier",
                    "email": "fabien@symfony.com"
                }
            ],
            "description": "Pimple is a simple Dependency Injection Container for PHP 5.3",
            "homepage": "http://pimple.sensiolabs.org",
            "keywords": [
                "container",
                "dependency injection"
            ],
            "time": "2013-09-19 04:53:08"
        },
        {
            "name": "psr/log",
            "version": "1.0.0",
            "source": {
                "type": "git",
                "url": "https://github.com/php-fig/log.git",
                "reference": "fe0936ee26643249e916849d48e3a51d5f5e278b"
            },
            "dist": {
                "type": "zip",
                "url": "https://api.github.com/repos/php-fig/log/zipball/fe0936ee26643249e916849d48e3a51d5f5e278b",
                "reference": "fe0936ee26643249e916849d48e3a51d5f5e278b",
                "shasum": ""
            },
            "type": "library",
            "autoload": {
                "psr-0": {
                    "Psr\\Log\\": ""
                }
            },
            "notification-url": "https://packagist.org/downloads/",
            "license": [
                "MIT"
            ],
            "authors": [
                {
                    "name": "PHP-FIG",
                    "homepage": "http://www.php-fig.org/"
                }
            ],
            "description": "Common interface for logging libraries",
            "keywords": [
                "log",
                "psr",
                "psr-3"
            ],
            "time": "2012-12-21 11:40:51"
        },
        {
            "name": "silex/silex",
            "version": "v1.1.2",
            "source": {
                "type": "git",
                "url": "https://github.com/silexphp/Silex.git",
                "reference": "47cc7d6545450ef8a91f50c04e8c7b3b04fceae9"
            },
            "dist": {
                "type": "zip",
                "url": "https://api.github.com/repos/silexphp/Silex/zipball/47cc7d6545450ef8a91f50c04e8c7b3b04fceae9",
                "reference": "47cc7d6545450ef8a91f50c04e8c7b3b04fceae9",
                "shasum": ""
            },
            "require": {
                "php": ">=5.3.3",
                "pimple/pimple": "~1.0",
                "symfony/event-dispatcher": ">=2.3,<2.5-dev",
                "symfony/http-foundation": ">=2.3,<2.5-dev",
                "symfony/http-kernel": ">=2.3,<2.5-dev",
                "symfony/routing": ">=2.3,<2.5-dev"
            },
            "require-dev": {
                "doctrine/dbal": ">=2.2.0,<2.4.0-dev",
                "monolog/monolog": "~1.4,>=1.4.1",
                "phpunit/phpunit": "~3.7",
                "swiftmailer/swiftmailer": "5.*",
                "symfony/browser-kit": ">=2.3,<2.5-dev",
                "symfony/config": ">=2.3,<2.5-dev",
                "symfony/css-selector": ">=2.3,<2.5-dev",
                "symfony/debug": ">=2.3,<2.5-dev",
                "symfony/dom-crawler": ">=2.3,<2.5-dev",
                "symfony/finder": ">=2.3,<2.5-dev",
                "symfony/form": ">=2.3,<2.5-dev",
                "symfony/locale": ">=2.3,<2.5-dev",
                "symfony/monolog-bridge": ">=2.3,<2.5-dev",
                "symfony/options-resolver": ">=2.3,<2.5-dev",
                "symfony/process": ">=2.3,<2.5-dev",
                "symfony/security": ">=2.3,<2.5-dev",
                "symfony/serializer": ">=2.3,<2.5-dev",
                "symfony/translation": ">=2.3,<2.5-dev",
                "symfony/twig-bridge": ">=2.3,<2.5-dev",
                "symfony/validator": ">=2.3,<2.5-dev",
                "twig/twig": ">=1.8.0,<2.0-dev"
            },
            "suggest": {
                "symfony/browser-kit": ">=2.3,<2.5-dev",
                "symfony/css-selector": ">=2.3,<2.5-dev",
                "symfony/dom-crawler": ">=2.3,<2.5-dev",
                "symfony/form": ">=2.3,<2.5-dev"
            },
            "type": "library",
            "extra": {
                "branch-alias": {
                    "dev-master": "1.1.x-dev"
                }
            },
            "autoload": {
                "psr-0": {
                    "Silex": "src/"
                }
            },
            "notification-url": "https://packagist.org/downloads/",
            "license": [
                "MIT"
            ],
            "authors": [
                {
                    "name": "Fabien Potencier",
                    "email": "fabien@symfony.com"
                },
                {
                    "name": "Igor Wiedler",
                    "email": "igor@wiedler.ch",
                    "homepage": "http://wiedler.ch/igor/"
                }
            ],
            "description": "The PHP micro-framework based on the Symfony2 Components",
            "homepage": "http://silex.sensiolabs.org",
            "keywords": [
                "microframework"
            ],
            "time": "2013-10-30 08:53:26"
        },
        {
            "name": "symfony/config",
            "version": "v2.4.1",
            "target-dir": "Symfony/Component/Config",
            "source": {
                "type": "git",
                "url": "https://github.com/symfony/Config.git",
                "reference": "27d0b35879ebefcfee6d218512c32ab2d6cd6a6a"
            },
            "dist": {
                "type": "zip",
                "url": "https://api.github.com/repos/symfony/Config/zipball/27d0b35879ebefcfee6d218512c32ab2d6cd6a6a",
                "reference": "27d0b35879ebefcfee6d218512c32ab2d6cd6a6a",
                "shasum": ""
            },
            "require": {
                "php": ">=5.3.3",
                "symfony/filesystem": "~2.3"
            },
            "type": "library",
            "extra": {
                "branch-alias": {
                    "dev-master": "2.4-dev"
                }
            },
            "autoload": {
                "psr-0": {
                    "Symfony\\Component\\Config\\": ""
                }
            },
            "notification-url": "https://packagist.org/downloads/",
            "license": [
                "MIT"
            ],
            "authors": [
                {
                    "name": "Fabien Potencier",
                    "email": "fabien@symfony.com"
                },
                {
                    "name": "Symfony Community",
                    "homepage": "http://symfony.com/contributors"
                }
            ],
            "description": "Symfony Config Component",
            "homepage": "http://symfony.com",
            "time": "2014-01-01 08:14:50"
        },
        {
            "name": "symfony/debug",
            "version": "v2.4.1",
            "target-dir": "Symfony/Component/Debug",
            "source": {
                "type": "git",
                "url": "https://github.com/symfony/Debug.git",
                "reference": "74110be5ec681a83fc5bd66dd5fd29fe85fe9c1f"
            },
            "dist": {
                "type": "zip",
                "url": "https://api.github.com/repos/symfony/Debug/zipball/74110be5ec681a83fc5bd66dd5fd29fe85fe9c1f",
                "reference": "74110be5ec681a83fc5bd66dd5fd29fe85fe9c1f",
                "shasum": ""
            },
            "require": {
                "php": ">=5.3.3"
            },
            "require-dev": {
                "symfony/http-foundation": "~2.1",
                "symfony/http-kernel": "~2.1"
            },
            "suggest": {
                "symfony/http-foundation": "",
                "symfony/http-kernel": ""
            },
            "type": "library",
            "extra": {
                "branch-alias": {
                    "dev-master": "2.4-dev"
                }
            },
            "autoload": {
                "psr-0": {
                    "Symfony\\Component\\Debug\\": ""
                }
            },
            "notification-url": "https://packagist.org/downloads/",
            "license": [
                "MIT"
            ],
            "authors": [
                {
                    "name": "Fabien Potencier",
                    "email": "fabien@symfony.com"
                },
                {
                    "name": "Symfony Community",
                    "homepage": "http://symfony.com/contributors"
                }
            ],
            "description": "Symfony Debug Component",
            "homepage": "http://symfony.com",
            "time": "2014-01-01 09:02:49"
        },
        {
            "name": "symfony/event-dispatcher",
            "version": "v2.4.1",
            "target-dir": "Symfony/Component/EventDispatcher",
            "source": {
                "type": "git",
                "url": "https://github.com/symfony/EventDispatcher.git",
                "reference": "e3ba42f6a70554ed05749e61b829550f6ac33601"
            },
            "dist": {
                "type": "zip",
                "url": "https://api.github.com/repos/symfony/EventDispatcher/zipball/e3ba42f6a70554ed05749e61b829550f6ac33601",
                "reference": "e3ba42f6a70554ed05749e61b829550f6ac33601",
                "shasum": ""
            },
            "require": {
                "php": ">=5.3.3"
            },
            "require-dev": {
                "symfony/dependency-injection": "~2.0"
            },
            "suggest": {
                "symfony/dependency-injection": "",
                "symfony/http-kernel": ""
            },
            "type": "library",
            "extra": {
                "branch-alias": {
                    "dev-master": "2.4-dev"
                }
            },
            "autoload": {
                "psr-0": {
                    "Symfony\\Component\\EventDispatcher\\": ""
                }
            },
            "notification-url": "https://packagist.org/downloads/",
            "license": [
                "MIT"
            ],
            "authors": [
                {
                    "name": "Fabien Potencier",
                    "email": "fabien@symfony.com"
                },
                {
                    "name": "Symfony Community",
                    "homepage": "http://symfony.com/contributors"
                }
            ],
            "description": "Symfony EventDispatcher Component",
            "homepage": "http://symfony.com",
            "time": "2013-12-28 08:12:03"
        },
        {
            "name": "symfony/filesystem",
            "version": "v2.4.1",
            "target-dir": "Symfony/Component/Filesystem",
            "source": {
                "type": "git",
                "url": "https://github.com/symfony/Filesystem.git",
                "reference": "b3c3b5a8108b3e5d604dc23241b4ea84a067fc78"
            },
            "dist": {
                "type": "zip",
                "url": "https://api.github.com/repos/symfony/Filesystem/zipball/b3c3b5a8108b3e5d604dc23241b4ea84a067fc78",
                "reference": "b3c3b5a8108b3e5d604dc23241b4ea84a067fc78",
                "shasum": ""
            },
            "require": {
                "php": ">=5.3.3"
            },
            "type": "library",
            "extra": {
                "branch-alias": {
                    "dev-master": "2.4-dev"
                }
            },
            "autoload": {
                "psr-0": {
                    "Symfony\\Component\\Filesystem\\": ""
                }
            },
            "notification-url": "https://packagist.org/downloads/",
            "license": [
                "MIT"
            ],
            "authors": [
                {
                    "name": "Fabien Potencier",
                    "email": "fabien@symfony.com"
                },
                {
                    "name": "Symfony Community",
                    "homepage": "http://symfony.com/contributors"
                }
            ],
            "description": "Symfony Filesystem Component",
            "homepage": "http://symfony.com",
            "time": "2013-12-31 13:43:26"
        },
        {
            "name": "symfony/finder",
            "version": "v2.3.9",
            "target-dir": "Symfony/Component/Finder",
            "source": {
                "type": "git",
                "url": "https://github.com/symfony/Finder.git",
                "reference": "143131ec3f123dcd505a84391a9ba60545881991"
            },
            "dist": {
                "type": "zip",
                "url": "https://api.github.com/repos/symfony/Finder/zipball/143131ec3f123dcd505a84391a9ba60545881991",
                "reference": "143131ec3f123dcd505a84391a9ba60545881991",
                "shasum": ""
            },
            "require": {
                "php": ">=5.3.3"
            },
            "type": "library",
            "extra": {
                "branch-alias": {
                    "dev-master": "2.3-dev"
                }
            },
            "autoload": {
                "psr-0": {
                    "Symfony\\Component\\Finder\\": ""
                }
            },
            "notification-url": "https://packagist.org/downloads/",
            "license": [
                "MIT"
            ],
            "authors": [
                {
                    "name": "Fabien Potencier",
                    "email": "fabien@symfony.com"
                },
                {
                    "name": "Symfony Community",
                    "homepage": "http://symfony.com/contributors"
                }
            ],
            "description": "Symfony Finder Component",
            "homepage": "http://symfony.com",
            "time": "2014-01-01 07:52:14"
        },
        {
            "name": "symfony/http-foundation",
            "version": "v2.4.1",
            "target-dir": "Symfony/Component/HttpFoundation",
            "source": {
                "type": "git",
                "url": "https://github.com/symfony/HttpFoundation.git",
                "reference": "6c6b8a7bcd7e2cc920cd6acace563fdbf121d844"
            },
            "dist": {
                "type": "zip",
                "url": "https://api.github.com/repos/symfony/HttpFoundation/zipball/6c6b8a7bcd7e2cc920cd6acace563fdbf121d844",
                "reference": "6c6b8a7bcd7e2cc920cd6acace563fdbf121d844",
                "shasum": ""
            },
            "require": {
                "php": ">=5.3.3"
            },
            "type": "library",
            "extra": {
                "branch-alias": {
                    "dev-master": "2.4-dev"
                }
            },
            "autoload": {
                "psr-0": {
                    "Symfony\\Component\\HttpFoundation\\": ""
                },
                "classmap": [
                    "Symfony/Component/HttpFoundation/Resources/stubs"
                ]
            },
            "notification-url": "https://packagist.org/downloads/",
            "license": [
                "MIT"
            ],
            "authors": [
                {
                    "name": "Fabien Potencier",
                    "email": "fabien@symfony.com"
                },
                {
                    "name": "Symfony Community",
                    "homepage": "http://symfony.com/contributors"
                }
            ],
            "description": "Symfony HttpFoundation Component",
            "homepage": "http://symfony.com",
            "time": "2014-01-05 02:10:50"
        },
        {
            "name": "symfony/http-kernel",
            "version": "v2.4.1",
            "target-dir": "Symfony/Component/HttpKernel",
            "source": {
                "type": "git",
                "url": "https://github.com/symfony/HttpKernel.git",
                "reference": "0605eedeb52c4d3a3144128d8336395a57be60d4"
            },
            "dist": {
                "type": "zip",
                "url": "https://api.github.com/repos/symfony/HttpKernel/zipball/0605eedeb52c4d3a3144128d8336395a57be60d4",
                "reference": "0605eedeb52c4d3a3144128d8336395a57be60d4",
                "shasum": ""
            },
            "require": {
                "php": ">=5.3.3",
                "psr/log": "~1.0",
                "symfony/debug": "~2.3",
                "symfony/event-dispatcher": "~2.1",
                "symfony/http-foundation": "~2.4"
            },
            "require-dev": {
                "symfony/browser-kit": "~2.2",
                "symfony/class-loader": "~2.1",
                "symfony/config": "~2.0",
                "symfony/console": "~2.2",
                "symfony/dependency-injection": "~2.0",
                "symfony/finder": "~2.0",
                "symfony/process": "~2.0",
                "symfony/routing": "~2.2",
                "symfony/stopwatch": "~2.2",
                "symfony/templating": "~2.2"
            },
            "suggest": {
                "symfony/browser-kit": "",
                "symfony/class-loader": "",
                "symfony/config": "",
                "symfony/console": "",
                "symfony/dependency-injection": "",
                "symfony/finder": ""
            },
            "type": "library",
            "extra": {
                "branch-alias": {
                    "dev-master": "2.4-dev"
                }
            },
            "autoload": {
                "psr-0": {
                    "Symfony\\Component\\HttpKernel\\": ""
                }
            },
            "notification-url": "https://packagist.org/downloads/",
            "license": [
                "MIT"
            ],
            "authors": [
                {
                    "name": "Fabien Potencier",
                    "email": "fabien@symfony.com"
                },
                {
                    "name": "Symfony Community",
                    "homepage": "http://symfony.com/contributors"
                }
            ],
            "description": "Symfony HttpKernel Component",
            "homepage": "http://symfony.com",
            "time": "2014-01-05 02:12:11"
        },
        {
            "name": "symfony/routing",
            "version": "v2.4.1",
            "target-dir": "Symfony/Component/Routing",
            "source": {
                "type": "git",
                "url": "https://github.com/symfony/Routing.git",
                "reference": "4abfb500aab8be458c9e3a227ea56b190584f78a"
            },
            "dist": {
                "type": "zip",
                "url": "https://api.github.com/repos/symfony/Routing/zipball/4abfb500aab8be458c9e3a227ea56b190584f78a",
                "reference": "4abfb500aab8be458c9e3a227ea56b190584f78a",
                "shasum": ""
            },
            "require": {
                "php": ">=5.3.3"
            },
            "require-dev": {
                "doctrine/annotations": "~1.0",
                "psr/log": "~1.0",
                "symfony/config": "~2.2",
                "symfony/expression-language": "~2.4",
                "symfony/yaml": "~2.0"
            },
            "suggest": {
                "doctrine/annotations": "For using the annotation loader",
                "symfony/config": "For using the all-in-one router or any loader",
                "symfony/expression-language": "For using expression matching",
                "symfony/yaml": "For using the YAML loader"
            },
            "type": "library",
            "extra": {
                "branch-alias": {
                    "dev-master": "2.4-dev"
                }
            },
            "autoload": {
                "psr-0": {
                    "Symfony\\Component\\Routing\\": ""
                }
            },
            "notification-url": "https://packagist.org/downloads/",
            "license": [
                "MIT"
            ],
            "authors": [
                {
                    "name": "Fabien Potencier",
                    "email": "fabien@symfony.com"
                },
                {
                    "name": "Symfony Community",
                    "homepage": "http://symfony.com/contributors"
                }
            ],
            "description": "Symfony Routing Component",
            "homepage": "http://symfony.com",
            "keywords": [
                "router",
                "routing",
                "uri",
                "url"
            ],
            "time": "2014-01-05 02:10:50"
        },
        {
            "name": "symfony/security-core",
            "version": "v2.4.1",
            "target-dir": "Symfony/Component/Security/Core",
            "source": {
                "type": "git",
                "url": "https://github.com/symfony/security-core.git",
                "reference": "c0396b13041d8fcf187174d4740b5fabe2624b37"
            },
            "dist": {
                "type": "zip",
                "url": "https://api.github.com/repos/symfony/security-core/zipball/c0396b13041d8fcf187174d4740b5fabe2624b37",
                "reference": "c0396b13041d8fcf187174d4740b5fabe2624b37",
                "shasum": ""
            },
            "require": {
                "php": ">=5.3.3"
            },
            "require-dev": {
                "ircmaxell/password-compat": "1.0.*",
                "psr/log": "~1.0",
                "symfony/event-dispatcher": "~2.1",
                "symfony/expression-language": "~2.4",
                "symfony/http-foundation": "~2.4",
                "symfony/validator": "~2.2"
            },
            "suggest": {
                "ircmaxell/password-compat": "For using the BCrypt password encoder in PHP <5.5",
                "symfony/event-dispatcher": "",
                "symfony/expression-language": "For using the expression voter",
                "symfony/http-foundation": "",
                "symfony/validator": "For using the user password constraint"
            },
            "type": "library",
            "extra": {
                "branch-alias": {
                    "dev-master": "2.4-dev"
                }
            },
            "autoload": {
                "psr-0": {
                    "Symfony\\Component\\Security\\Core\\": ""
                }
            },
            "notification-url": "https://packagist.org/downloads/",
            "license": [
                "MIT"
            ],
            "authors": [
                {
                    "name": "Fabien Potencier",
                    "email": "fabien@symfony.com"
                },
                {
                    "name": "Symfony Community",
                    "homepage": "http://symfony.com/contributors"
                }
            ],
            "description": "Symfony Security Component - Core Library",
            "homepage": "http://symfony.com",
            "time": "2014-01-01 08:14:50"
        },
        {
            "name": "symfony/security-csrf",
            "version": "v2.4.1",
            "target-dir": "Symfony/Component/Security/Csrf",
            "source": {
                "type": "git",
                "url": "https://github.com/symfony/security-csrf.git",
                "reference": "67c366a65a5bbcbcb2db7d4d4e45a16b85f24797"
            },
            "dist": {
                "type": "zip",
                "url": "https://api.github.com/repos/symfony/security-csrf/zipball/67c366a65a5bbcbcb2db7d4d4e45a16b85f24797",
                "reference": "67c366a65a5bbcbcb2db7d4d4e45a16b85f24797",
                "shasum": ""
            },
            "require": {
                "php": ">=5.3.3",
                "symfony/security-core": "~2.4"
            },
            "require-dev": {
                "symfony/http-foundation": "~2.1"
            },
            "suggest": {
                "symfony/http-foundation": "For using the class SessionTokenStorage."
            },
            "type": "library",
            "extra": {
                "branch-alias": {
                    "dev-master": "2.4-dev"
                }
            },
            "autoload": {
                "psr-0": {
                    "Symfony\\Component\\Security\\Csrf\\": ""
                }
            },
            "notification-url": "https://packagist.org/downloads/",
            "license": [
                "MIT"
            ],
            "authors": [
                {
                    "name": "Fabien Potencier",
                    "email": "fabien@symfony.com"
                },
                {
                    "name": "Symfony Community",
                    "homepage": "http://symfony.com/contributors"
                }
            ],
            "description": "Symfony Security Component - CSRF Library",
            "homepage": "http://symfony.com",
            "time": "2013-11-21 06:37:18"
        },
        {
            "name": "symfony/twig-bridge",
            "version": "v2.4.1",
            "target-dir": "Symfony/Bridge/Twig",
            "source": {
                "type": "git",
                "url": "https://github.com/symfony/TwigBridge.git",
                "reference": "4eb35ba0f8f06dfe6fc20d3660a27f233d7b2c87"
            },
            "dist": {
                "type": "zip",
                "url": "https://api.github.com/repos/symfony/TwigBridge/zipball/4eb35ba0f8f06dfe6fc20d3660a27f233d7b2c87",
                "reference": "4eb35ba0f8f06dfe6fc20d3660a27f233d7b2c87",
                "shasum": ""
            },
            "require": {
                "php": ">=5.3.3",
                "symfony/security-csrf": "~2.4",
                "twig/twig": "~1.11"
            },
            "require-dev": {
                "symfony/form": "~2.2",
                "symfony/http-kernel": "~2.2",
                "symfony/routing": "~2.2",
                "symfony/security": "~2.4",
                "symfony/stopwatch": "~2.2",
                "symfony/templating": "~2.1",
                "symfony/translation": "~2.2",
                "symfony/yaml": "~2.0"
            },
            "suggest": {
                "symfony/form": "For using the FormExtension",
                "symfony/http-kernel": "For using the HttpKernelExtension",
                "symfony/routing": "For using the RoutingExtension",
                "symfony/security": "For using the SecurityExtension",
                "symfony/stopwatch": "For using the StopwatchExtension",
                "symfony/templating": "For using the TwigEngine",
                "symfony/translation": "For using the TranslationExtension",
                "symfony/yaml": "For using the YamlExtension"
            },
            "type": "symfony-bridge",
            "extra": {
                "branch-alias": {
                    "dev-master": "2.4-dev"
                }
            },
            "autoload": {
                "psr-0": {
                    "Symfony\\Bridge\\Twig\\": ""
                }
            },
            "notification-url": "https://packagist.org/downloads/",
            "license": [
                "MIT"
            ],
            "authors": [
                {
                    "name": "Fabien Potencier",
                    "email": "fabien@symfony.com"
                },
                {
                    "name": "Symfony Community",
                    "homepage": "http://symfony.com/contributors"
                }
            ],
            "description": "Symfony Twig Bridge",
            "homepage": "http://symfony.com",
            "time": "2013-12-31 13:43:26"
        },
        {
            "name": "symfony/yaml",
            "version": "v2.3.9",
            "target-dir": "Symfony/Component/Yaml",
            "source": {
                "type": "git",
                "url": "https://github.com/symfony/Yaml.git",
                "reference": "490c1c47049aa3ffab9ed6295a7b3a0e809e8519"
            },
            "dist": {
                "type": "zip",
                "url": "https://api.github.com/repos/symfony/Yaml/zipball/490c1c47049aa3ffab9ed6295a7b3a0e809e8519",
                "reference": "490c1c47049aa3ffab9ed6295a7b3a0e809e8519",
                "shasum": ""
            },
            "require": {
                "php": ">=5.3.3"
            },
            "type": "library",
            "extra": {
                "branch-alias": {
                    "dev-master": "2.3-dev"
                }
            },
            "autoload": {
                "psr-0": {
                    "Symfony\\Component\\Yaml\\": ""
                }
            },
            "notification-url": "https://packagist.org/downloads/",
            "license": [
                "MIT"
            ],
            "authors": [
                {
                    "name": "Fabien Potencier",
                    "email": "fabien@symfony.com"
                },
                {
                    "name": "Symfony Community",
                    "homepage": "http://symfony.com/contributors"
                }
            ],
            "description": "Symfony Yaml Component",
            "homepage": "http://symfony.com",
            "time": "2013-12-28 07:46:05"
        },
        {
            "name": "twig/twig",
            "version": "v1.15.0",
            "source": {
                "type": "git",
                "url": "https://github.com/fabpot/Twig.git",
                "reference": "85e4ff98000157ff753d934b9f13659a953f5666"
            },
            "dist": {
                "type": "zip",
                "url": "https://api.github.com/repos/fabpot/Twig/zipball/85e4ff98000157ff753d934b9f13659a953f5666",
                "reference": "85e4ff98000157ff753d934b9f13659a953f5666",
                "shasum": ""
            },
            "require": {
                "php": ">=5.2.4"
            },
            "type": "library",
            "extra": {
                "branch-alias": {
                    "dev-master": "1.15-dev"
                }
            },
            "autoload": {
                "psr-0": {
                    "Twig_": "lib/"
                }
            },
            "notification-url": "https://packagist.org/downloads/",
            "license": [
                "BSD-3-Clause"
            ],
            "authors": [
                {
                    "name": "Fabien Potencier",
                    "email": "fabien@symfony.com"
                },
                {
                    "name": "Armin Ronacher",
                    "email": "armin.ronacher@active-4.com"
                }
            ],
            "description": "Twig, the flexible, fast, and secure template language for PHP",
            "homepage": "http://twig.sensiolabs.org",
            "keywords": [
                "templating"
            ],
            "time": "2013-12-06 07:47:10"
        }
    ],
    "packages-dev": [

    ],
    "aliases": [

    ],
    "minimum-stability": "stable",
    "stability-flags": {
        "imanee/imanee": 20
    },
    "platform": [

    ],
    "platform-dev": [

    ]
}
